// !$*UTF8*$!
{
	archiveVersion = 1;
	classes = {
	};
	objectVersion = 46;
	objects = {

/* Begin PBXBuildFile section */
		0359E25419B5200400ACEBEE /* XMLParser.swift in Sources */ = {isa = PBXBuildFile; fileRef = 0359E25319B5200400ACEBEE /* XMLParser.swift */; };
		035CB46B19B5CD3000670789 /* Beers.swift in Sources */ = {isa = PBXBuildFile; fileRef = 035CB46A19B5CD3000670789 /* Beers.swift */; };
		035CB46F19B5D9D000670789 /* ItemCell.swift in Sources */ = {isa = PBXBuildFile; fileRef = 035CB46E19B5D9D000670789 /* ItemCell.swift */; };
		035CB48619B5E9F400670789 /* ale.xml in Resources */ = {isa = PBXBuildFile; fileRef = 035CB47F19B5E9F400670789 /* ale.xml */; };
		035CB48719B5E9F400670789 /* flera.xml in Resources */ = {isa = PBXBuildFile; fileRef = 035CB48019B5E9F400670789 /* flera.xml */; };
		035CB48819B5E9F400670789 /* ljus.xml in Resources */ = {isa = PBXBuildFile; fileRef = 035CB48119B5E9F400670789 /* ljus.xml */; };
		035CB48919B5E9F400670789 /* mörk.xml in Resources */ = {isa = PBXBuildFile; fileRef = 035CB48219B5E9F400670789 /* mörk.xml */; };
		035CB48A19B5E9F400670789 /* porter.xml in Resources */ = {isa = PBXBuildFile; fileRef = 035CB48319B5E9F400670789 /* porter.xml */; };
		035CB48B19B5E9F400670789 /* special.xml in Resources */ = {isa = PBXBuildFile; fileRef = 035CB48419B5E9F400670789 /* special.xml */; };
		035CB48C19B5E9F400670789 /* toast-beer.jpg in Resources */ = {isa = PBXBuildFile; fileRef = 035CB48519B5E9F400670789 /* toast-beer.jpg */; };
		9746BE8019B4929A0049C431 /* AppDelegate.swift in Sources */ = {isa = PBXBuildFile; fileRef = 9746BE7F19B4929A0049C431 /* AppDelegate.swift */; };
		9746BE8219B4929A0049C431 /* MainScreen.swift in Sources */ = {isa = PBXBuildFile; fileRef = 9746BE8119B4929A0049C431 /* MainScreen.swift */; };
		9746BE8519B4929A0049C431 /* Main.storyboard in Resources */ = {isa = PBXBuildFile; fileRef = 9746BE8319B4929A0049C431 /* Main.storyboard */; };
		9746BE8719B4929A0049C431 /* Images.xcassets in Resources */ = {isa = PBXBuildFile; fileRef = 9746BE8619B4929A0049C431 /* Images.xcassets */; };
		9746BE9319B4929A0049C431 /* biraTests.swift in Sources */ = {isa = PBXBuildFile; fileRef = 9746BE9219B4929A0049C431 /* biraTests.swift */; };
/* End PBXBuildFile section */

/* Begin PBXContainerItemProxy section */
		9746BE8D19B4929A0049C431 /* PBXContainerItemProxy */ = {
			isa = PBXContainerItemProxy;
			containerPortal = 9746BE7219B4929A0049C431 /* Project object */;
			proxyType = 1;
			remoteGlobalIDString = 9746BE7919B4929A0049C431;
			remoteInfo = bira;
		};
/* End PBXContainerItemProxy section */

/* Begin PBXFileReference section */
		0359E25319B5200400ACEBEE /* XMLParser.swift */ = {isa = PBXFileReference; fileEncoding = 4; lastKnownFileType = sourcecode.swift; path = XMLParser.swift; sourceTree = "<group>"; };
		035CB46A19B5CD3000670789 /* Beers.swift */ = {isa = PBXFileReference; fileEncoding = 4; lastKnownFileType = sourcecode.swift; path = Beers.swift; sourceTree = "<group>"; };
		035CB46E19B5D9D000670789 /* ItemCell.swift */ = {isa = PBXFileReference; fileEncoding = 4; lastKnownFileType = sourcecode.swift; path = ItemCell.swift; sourceTree = "<group>"; };
		035CB47F19B5E9F400670789 /* ale.xml */ = {isa = PBXFileReference; fileEncoding = 4; lastKnownFileType = text.xml; path = ale.xml; sourceTree = "<group>"; };
		035CB48019B5E9F400670789 /* flera.xml */ = {isa = PBXFileReference; fileEncoding = 4; lastKnownFileType = text.xml; path = flera.xml; sourceTree = "<group>"; };
		035CB48119B5E9F400670789 /* ljus.xml */ = {isa = PBXFileReference; fileEncoding = 4; lastKnownFileType = text.xml; path = ljus.xml; sourceTree = "<group>"; };
		035CB48219B5E9F400670789 /* mörk.xml */ = {isa = PBXFileReference; fileEncoding = 4; lastKnownFileType = text.xml; path = "mörk.xml"; sourceTree = "<group>"; };
		035CB48319B5E9F400670789 /* porter.xml */ = {isa = PBXFileReference; fileEncoding = 4; lastKnownFileType = text.xml; path = porter.xml; sourceTree = "<group>"; };
		035CB48419B5E9F400670789 /* special.xml */ = {isa = PBXFileReference; fileEncoding = 4; lastKnownFileType = text.xml; path = special.xml; sourceTree = "<group>"; };
		035CB48519B5E9F400670789 /* toast-beer.jpg */ = {isa = PBXFileReference; lastKnownFileType = image.jpeg; path = "toast-beer.jpg"; sourceTree = "<group>"; };
		9746BE7A19B4929A0049C431 /* bira.app */ = {isa = PBXFileReference; explicitFileType = wrapper.application; includeInIndex = 0; path = bira.app; sourceTree = BUILT_PRODUCTS_DIR; };
		9746BE7E19B4929A0049C431 /* Info.plist */ = {isa = PBXFileReference; lastKnownFileType = text.plist.xml; path = Info.plist; sourceTree = "<group>"; };
		9746BE7F19B4929A0049C431 /* AppDelegate.swift */ = {isa = PBXFileReference; lastKnownFileType = sourcecode.swift; path = AppDelegate.swift; sourceTree = "<group>"; };
		9746BE8119B4929A0049C431 /* MainScreen.swift */ = {isa = PBXFileReference; lastKnownFileType = sourcecode.swift; path = MainScreen.swift; sourceTree = "<group>"; };
		9746BE8419B4929A0049C431 /* Base */ = {isa = PBXFileReference; lastKnownFileType = file.storyboard; name = Base; path = Base.lproj/Main.storyboard; sourceTree = "<group>"; };
		9746BE8619B4929A0049C431 /* Images.xcassets */ = {isa = PBXFileReference; lastKnownFileType = folder.assetcatalog; path = Images.xcassets; sourceTree = "<group>"; };
		9746BE8C19B4929A0049C431 /* biraTests.xctest */ = {isa = PBXFileReference; explicitFileType = wrapper.cfbundle; includeInIndex = 0; path = biraTests.xctest; sourceTree = BUILT_PRODUCTS_DIR; };
		9746BE9119B4929A0049C431 /* Info.plist */ = {isa = PBXFileReference; lastKnownFileType = text.plist.xml; path = Info.plist; sourceTree = "<group>"; };
		9746BE9219B4929A0049C431 /* biraTests.swift */ = {isa = PBXFileReference; lastKnownFileType = sourcecode.swift; path = biraTests.swift; sourceTree = "<group>"; };
/* End PBXFileReference section */

/* Begin PBXFrameworksBuildPhase section */
		9746BE7719B4929A0049C431 /* Frameworks */ = {
			isa = PBXFrameworksBuildPhase;
			buildActionMask = 2147483647;
			files = (
			);
			runOnlyForDeploymentPostprocessing = 0;
		};
		9746BE8919B4929A0049C431 /* Frameworks */ = {
			isa = PBXFrameworksBuildPhase;
			buildActionMask = 2147483647;
			files = (
			);
			runOnlyForDeploymentPostprocessing = 0;
		};
/* End PBXFrameworksBuildPhase section */

/* Begin PBXGroup section */
		035CB47E19B5E9F400670789 /* Resources */ = {
			isa = PBXGroup;
			children = (
				035CB47F19B5E9F400670789 /* ale.xml */,
				035CB48019B5E9F400670789 /* flera.xml */,
				035CB48119B5E9F400670789 /* ljus.xml */,
				035CB48219B5E9F400670789 /* mörk.xml */,
				035CB48319B5E9F400670789 /* porter.xml */,
				035CB48419B5E9F400670789 /* special.xml */,
				035CB48519B5E9F400670789 /* toast-beer.jpg */,
			);
			name = Resources;
			path = "../../../Systembolaget/öltyper/Resources";
			sourceTree = "<group>";
		};
		9746BE7119B4929A0049C431 = {
			isa = PBXGroup;
			children = (
				9746BE7C19B4929A0049C431 /* bira */,
				9746BE8F19B4929A0049C431 /* biraTests */,
				9746BE7B19B4929A0049C431 /* Products */,
			);
			sourceTree = "<group>";
		};
		9746BE7B19B4929A0049C431 /* Products */ = {
			isa = PBXGroup;
			children = (
				9746BE7A19B4929A0049C431 /* bira.app */,
				9746BE8C19B4929A0049C431 /* biraTests.xctest */,
			);
			name = Products;
			sourceTree = "<group>";
		};
		9746BE7C19B4929A0049C431 /* bira */ = {
			isa = PBXGroup;
			children = (
				035CB47E19B5E9F400670789 /* Resources */,
				035CB46A19B5CD3000670789 /* Beers.swift */,
				035CB46E19B5D9D000670789 /* ItemCell.swift */,
				0359E25319B5200400ACEBEE /* XMLParser.swift */,
				9746BE7F19B4929A0049C431 /* AppDelegate.swift */,
				9746BE8119B4929A0049C431 /* MainScreen.swift */,
				9746BE8319B4929A0049C431 /* Main.storyboard */,
				9746BE8619B4929A0049C431 /* Images.xcassets */,
				9746BE7D19B4929A0049C431 /* Supporting Files */,
			);
			path = bira;
			sourceTree = "<group>";
		};
		9746BE7D19B4929A0049C431 /* Supporting Files */ = {
			isa = PBXGroup;
			children = (
				9746BE7E19B4929A0049C431 /* Info.plist */,
			);
			name = "Supporting Files";
			sourceTree = "<group>";
		};
		9746BE8F19B4929A0049C431 /* biraTests */ = {
			isa = PBXGroup;
			children = (
				9746BE9219B4929A0049C431 /* biraTests.swift */,
				9746BE9019B4929A0049C431 /* Supporting Files */,
			);
			path = biraTests;
			sourceTree = "<group>";
		};
		9746BE9019B4929A0049C431 /* Supporting Files */ = {
			isa = PBXGroup;
			children = (
				9746BE9119B4929A0049C431 /* Info.plist */,
			);
			name = "Supporting Files";
			sourceTree = "<group>";
		};
/* End PBXGroup section */

/* Begin PBXNativeTarget section */
		9746BE7919B4929A0049C431 /* bira */ = {
			isa = PBXNativeTarget;
			buildConfigurationList = 9746BE9619B4929A0049C431 /* Build configuration list for PBXNativeTarget "bira" */;
			buildPhases = (
				9746BE7619B4929A0049C431 /* Sources */,
				9746BE7719B4929A0049C431 /* Frameworks */,
				9746BE7819B4929A0049C431 /* Resources */,
			);
			buildRules = (
			);
			dependencies = (
			);
			name = bira;
			productName = bira;
			productReference = 9746BE7A19B4929A0049C431 /* bira.app */;
			productType = "com.apple.product-type.application";
		};
		9746BE8B19B4929A0049C431 /* biraTests */ = {
			isa = PBXNativeTarget;
			buildConfigurationList = 9746BE9919B4929A0049C431 /* Build configuration list for PBXNativeTarget "biraTests" */;
			buildPhases = (
				9746BE8819B4929A0049C431 /* Sources */,
				9746BE8919B4929A0049C431 /* Frameworks */,
				9746BE8A19B4929A0049C431 /* Resources */,
			);
			buildRules = (
			);
			dependencies = (
				9746BE8E19B4929A0049C431 /* PBXTargetDependency */,
			);
			name = biraTests;
			productName = biraTests;
			productReference = 9746BE8C19B4929A0049C431 /* biraTests.xctest */;
			productType = "com.apple.product-type.bundle.unit-test";
		};
/* End PBXNativeTarget section */

/* Begin PBXProject section */
		9746BE7219B4929A0049C431 /* Project object */ = {
			isa = PBXProject;
			attributes = {
				LastUpgradeCheck = 0600;
				ORGANIZATIONNAME = "Ludvig Noring";
				TargetAttributes = {
					9746BE7919B4929A0049C431 = {
						CreatedOnToolsVersion = 6.0;
					};
					9746BE8B19B4929A0049C431 = {
						CreatedOnToolsVersion = 6.0;
						TestTargetID = 9746BE7919B4929A0049C431;
					};
				};
			};
			buildConfigurationList = 9746BE7519B4929A0049C431 /* Build configuration list for PBXProject "bira" */;
			compatibilityVersion = "Xcode 3.2";
			developmentRegion = English;
			hasScannedForEncodings = 0;
			knownRegions = (
				en,
				Base,
			);
			mainGroup = 9746BE7119B4929A0049C431;
			productRefGroup = 9746BE7B19B4929A0049C431 /* Products */;
			projectDirPath = "";
			projectRoot = "";
			targets = (
				9746BE7919B4929A0049C431 /* bira */,
				9746BE8B19B4929A0049C431 /* biraTests */,
			);
		};
/* End PBXProject section */

/* Begin PBXResourcesBuildPhase section */
		9746BE7819B4929A0049C431 /* Resources */ = {
			isa = PBXResourcesBuildPhase;
			buildActionMask = 2147483647;
			files = (
				035CB48A19B5E9F400670789 /* porter.xml in Resources */,
				035CB48619B5E9F400670789 /* ale.xml in Resources */,
				035CB48819B5E9F400670789 /* ljus.xml in Resources */,
				035CB48B19B5E9F400670789 /* special.xml in Resources */,
				9746BE8519B4929A0049C431 /* Main.storyboard in Resources */,
				035CB48719B5E9F400670789 /* flera.xml in Resources */,
				9746BE8719B4929A0049C431 /* Images.xcassets in Resources */,
				035CB48919B5E9F400670789 /* mörk.xml in Resources */,
				035CB48C19B5E9F400670789 /* toast-beer.jpg in Resources */,
			);
			runOnlyForDeploymentPostprocessing = 0;
		};
		9746BE8A19B4929A0049C431 /* Resources */ = {
			isa = PBXResourcesBuildPhase;
			buildActionMask = 2147483647;
			files = (
			);
			runOnlyForDeploymentPostprocessing = 0;
		};
/* End PBXResourcesBuildPhase section */

/* Begin PBXSourcesBuildPhase section */
		9746BE7619B4929A0049C431 /* Sources */ = {
			isa = PBXSourcesBuildPhase;
			buildActionMask = 2147483647;
			files = (
				035CB46B19B5CD3000670789 /* Beers.swift in Sources */,
				0359E25419B5200400ACEBEE /* XMLParser.swift in Sources */,
				9746BE8219B4929A0049C431 /* MainScreen.swift in Sources */,
				9746BE8019B4929A0049C431 /* AppDelegate.swift in Sources */,
				035CB46F19B5D9D000670789 /* ItemCell.swift in Sources */,
			);
			runOnlyForDeploymentPostprocessing = 0;
		};
		9746BE8819B4929A0049C431 /* Sources */ = {
			isa = PBXSourcesBuildPhase;
			buildActionMask = 2147483647;
			files = (
				9746BE9319B4929A0049C431 /* biraTests.swift in Sources */,
			);
			runOnlyForDeploymentPostprocessing = 0;
		};
/* End PBXSourcesBuildPhase section */

/* Begin PBXTargetDependency section */
		9746BE8E19B4929A0049C431 /* PBXTargetDependency */ = {
			isa = PBXTargetDependency;
			target = 9746BE7919B4929A0049C431 /* bira */;
			targetProxy = 9746BE8D19B4929A0049C431 /* PBXContainerItemProxy */;
		};
/* End PBXTargetDependency section */

/* Begin PBXVariantGroup section */
		9746BE8319B4929A0049C431 /* Main.storyboard */ = {
			isa = PBXVariantGroup;
			children = (
				9746BE8419B4929A0049C431 /* Base */,
			);
			name = Main.storyboard;
			sourceTree = "<group>";
		};
/* End PBXVariantGroup section */

/* Begin XCBuildConfiguration section */
		9746BE9419B4929A0049C431 /* Debug */ = {
			isa = XCBuildConfiguration;
			buildSettings = {
				ALWAYS_SEARCH_USER_PATHS = NO;
				CLANG_CXX_LANGUAGE_STANDARD = "gnu++0x";
				CLANG_CXX_LIBRARY = "libc++";
				CLANG_ENABLE_MODULES = YES;
				CLANG_ENABLE_OBJC_ARC = YES;
				CLANG_WARN_BOOL_CONVERSION = YES;
				CLANG_WARN_CONSTANT_CONVERSION = YES;
				CLANG_WARN_DIRECT_OBJC_ISA_USAGE = YES_ERROR;
				CLANG_WARN_EMPTY_BODY = YES;
				CLANG_WARN_ENUM_CONVERSION = YES;
				CLANG_WARN_INT_CONVERSION = YES;
				CLANG_WARN_OBJC_ROOT_CLASS = YES_ERROR;
				CLANG_WARN_UNREACHABLE_CODE = YES;
				CLANG_WARN__DUPLICATE_METHOD_MATCH = YES;
				"CODE_SIGN_IDENTITY[sdk=iphoneos*]" = "iPhone Developer";
				COPY_PHASE_STRIP = NO;
				ENABLE_STRICT_OBJC_MSGSEND = YES;
				GCC_C_LANGUAGE_STANDARD = gnu99;
				GCC_DYNAMIC_NO_PIC = NO;
				GCC_OPTIMIZATION_LEVEL = 0;
				GCC_PREPROCESSOR_DEFINITIONS = (
					"DEBUG=1",
					"$(inherited)",
				);
				GCC_SYMBOLS_PRIVATE_EXTERN = NO;
				GCC_WARN_64_TO_32_BIT_CONVERSION = YES;
				GCC_WARN_ABOUT_RETURN_TYPE = YES_ERROR;
				GCC_WARN_UNDECLARED_SELECTOR = YES;
				GCC_WARN_UNINITIALIZED_AUTOS = YES_AGGRESSIVE;
				GCC_WARN_UNUSED_FUNCTION = YES;
				GCC_WARN_UNUSED_VARIABLE = YES;
				IPHONEOS_DEPLOYMENT_TARGET = 8.0;
				METAL_ENABLE_DEBUG_INFO = YES;
				ONLY_ACTIVE_ARCH = YES;
				SDKROOT = iphoneos;
				SWIFT_OPTIMIZATION_LEVEL = "-Onone";
			};
			name = Debug;
		};
		9746BE9519B4929A0049C431 /* Release */ = {
			isa = XCBuildConfiguration;
			buildSettings = {
				ALWAYS_SEARCH_USER_PATHS = NO;
				CLANG_CXX_LANGUAGE_STANDARD = "gnu++0x";
				CLANG_CXX_LIBRARY = "libc++";
				CLANG_ENABLE_MODULES = YES;
				CLANG_ENABLE_OBJC_ARC = YES;
				CLANG_WARN_BOOL_CONVERSION = YES;
				CLANG_WARN_CONSTANT_CONVERSION = YES;
				CLANG_WARN_DIRECT_OBJC_ISA_USAGE = YES_ERROR;
				CLANG_WARN_EMPTY_BODY = YES;
				CLANG_WARN_ENUM_CONVERSION = YES;
				CLANG_WARN_INT_CONVERSION = YES;
				CLANG_WARN_OBJC_ROOT_CLASS = YES_ERROR;
				CLANG_WARN_UNREACHABLE_CODE = YES;
				CLANG_WARN__DUPLICATE_METHOD_MATCH = YES;
				"CODE_SIGN_IDENTITY[sdk=iphoneos*]" = "iPhone Developer";
				COPY_PHASE_STRIP = YES;
				ENABLE_NS_ASSERTIONS = NO;
				ENABLE_STRICT_OBJC_MSGSEND = YES;
				GCC_C_LANGUAGE_STANDARD = gnu99;
				GCC_WARN_64_TO_32_BIT_CONVERSION = YES;
				GCC_WARN_ABOUT_RETURN_TYPE = YES_ERROR;
				GCC_WARN_UNDECLARED_SELECTOR = YES;
				GCC_WARN_UNINITIALIZED_AUTOS = YES_AGGRESSIVE;
				GCC_WARN_UNUSED_FUNCTION = YES;
				GCC_WARN_UNUSED_VARIABLE = YES;
				IPHONEOS_DEPLOYMENT_TARGET = 8.0;
				METAL_ENABLE_DEBUG_INFO = NO;
				SDKROOT = iphoneos;
				VALIDATE_PRODUCT = YES;
			};
			name = Release;
		};
		9746BE9719B4929A0049C431 /* Debug */ = {
			isa = XCBuildConfiguration;
			buildSettings = {
				ASSETCATALOG_COMPILER_APPICON_NAME = AppIcon;
				ASSETCATALOG_COMPILER_LAUNCHIMAGE_NAME = LaunchImage;
				INFOPLIST_FILE = bira/Info.plist;
				LD_RUNPATH_SEARCH_PATHS = "$(inherited) @executable_path/Frameworks";
				PRODUCT_NAME = "$(TARGET_NAME)";
			};
			name = Debug;
		};
		9746BE9819B4929A0049C431 /* Release */ = {
			isa = XCBuildConfiguration;
			buildSettings = {
				ASSETCATALOG_COMPILER_APPICON_NAME = AppIcon;
				ASSETCATALOG_COMPILER_LAUNCHIMAGE_NAME = LaunchImage;
				INFOPLIST_FILE = bira/Info.plist;
				LD_RUNPATH_SEARCH_PATHS = "$(inherited) @executable_path/Frameworks";
				PRODUCT_NAME = "$(TARGET_NAME)";
			};
			name = Release;
		};
		9746BE9A19B4929A0049C431 /* Debug */ = {
			isa = XCBuildConfiguration;
			buildSettings = {
				BUNDLE_LOADER = "$(BUILT_PRODUCTS_DIR)/bira.app/bira";
				FRAMEWORK_SEARCH_PATHS = (
					"$(SDKROOT)/Developer/Library/Frameworks",
					"$(inherited)",
				);
				GCC_PREPROCESSOR_DEFINITIONS = (
					"DEBUG=1",
					"$(inherited)",
				);
				INFOPLIST_FILE = biraTests/Info.plist;
				LD_RUNPATH_SEARCH_PATHS = "$(inherited) @executable_path/Frameworks @loader_path/Frameworks";
				METAL_ENABLE_DEBUG_INFO = YES;
				PRODUCT_NAME = "$(TARGET_NAME)";
				TEST_HOST = "$(BUNDLE_LOADER)";
			};
			name = Debug;
		};
		9746BE9B19B4929A0049C431 /* Release */ = {
			isa = XCBuildConfiguration;
			buildSettings = {
				BUNDLE_LOADER = "$(BUILT_PRODUCTS_DIR)/bira.app/bira";
				FRAMEWORK_SEARCH_PATHS = (
					"$(SDKROOT)/Developer/Library/Frameworks",
					"$(inherited)",
				);
				INFOPLIST_FILE = biraTests/Info.plist;
				LD_RUNPATH_SEARCH_PATHS = "$(inherited) @executable_path/Frameworks @loader_path/Frameworks";
				METAL_ENABLE_DEBUG_INFO = NO;
				PRODUCT_NAME = "$(TARGET_NAME)";
				TEST_HOST = "$(BUNDLE_LOADER)";
			};
			name = Release;
		};
/* End XCBuildConfiguration section */

/* Begin XCConfigurationList section */
		9746BE7519B4929A0049C431 /* Build configuration list for PBXProject "bira" */ = {
			isa = XCConfigurationList;
			buildConfigurations = (
				9746BE9419B4929A0049C431 /* Debug */,
				9746BE9519B4929A0049C431 /* Release */,
			);
			defaultConfigurationIsVisible = 0;
			defaultConfigurationName = Release;
		};
		9746BE9619B4929A0049C431 /* Build configuration list for PBXNativeTarget "bira" */ = {
			isa = XCConfigurationList;
			buildConfigurations = (
				9746BE9719B4929A0049C431 /* Debug */,
				9746BE9819B4929A0049C431 /* Release */,
			);
			defaultConfigurationIsVisible = 0;
			defaultConfigurationName = Release;
		};
		9746BE9919B4929A0049C431 /* Build configuration list for PBXNativeTarget "biraTests" */ = {
			isa = XCConfigurationList;
			buildConfigurations = (
				9746BE9A19B4929A0049C431 /* Debug */,
				9746BE9B19B4929A0049C431 /* Release */,
			);
			defaultConfigurationIsVisible = 0;
			defaultConfigurationName = Release;
		};
/* End XCConfigurationList section */
	};
	rootObject = 9746BE7219B4929A0049C431 /* Project object */;
}
